
Microsoft Visual Studio Solution File, Format Version 12.00
# Visual Studio 15
VisualStudioVersion = 15.0.28010.2050
MinimumVisualStudioVersion = 10.0.40219.1
Project("{FAE04EC0-301F-11D3-BF4B-00C04F79EFBC}") = "Code First Lab", "Code First Lab\Code First Lab.csproj", "{79B994E1-CA41-47FD-992D-1EB66029DA04}"
EndProject
Global
	GlobalSection(SolutionConfigurationPlatforms) = preSolution
		Debug|Any CPU = Debug|Any CPU
		Release|Any CPU = Release|Any CPU
	EndGlobalSection
	GlobalSection(ProjectConfigurationPlatforms) = postSolution
		{79B994E1-CA41-47FD-992D-1EB66029DA04}.Debug|Any CPU.ActiveCfg = Debug|Any CPU
		{79B994E1-CA41-47FD-992D-1EB66029DA04}.Debug|Any CPU.Build.0 = Debug|Any CPU
		{79B994E1-CA41-47FD-992D-1EB66029DA04}.Release|Any CPU.ActiveCfg = Release|Any CPU
		{79B994E1-CA41-47FD-992D-1EB66029DA04}.Release|Any CPU.Build.0 = Release|Any CPU
	EndGlobalSection
	GlobalSection(SolutionProperties) = preSolution
		HideSolutionNode = FALSE
	EndGlobalSection
	GlobalSection(ExtensibilityGlobals) = postSolution
		SolutionGuid = {EB5F42F3-3C35-413F-B544-D3B806E51E43}
	EndGlobalSection
EndGlobal
