
Microsoft Visual Studio Solution File, Format Version 12.00
# Visual Studio 15
VisualStudioVersion = 15.0.28010.2050
MinimumVisualStudioVersion = 10.0.40219.1
Project("{FAE04EC0-301F-11D3-BF4B-00C04F79EFBC}") = "MovieAPI Project", "MovieAPI Project\MovieAPI Project.csproj", "{9B529CC8-79B4-4069-A7E8-72D84FF1248E}"
EndProject
Global
	GlobalSection(SolutionConfigurationPlatforms) = preSolution
		Debug|Any CPU = Debug|Any CPU
		Release|Any CPU = Release|Any CPU
	EndGlobalSection
	GlobalSection(ProjectConfigurationPlatforms) = postSolution
		{9B529CC8-79B4-4069-A7E8-72D84FF1248E}.Debug|Any CPU.ActiveCfg = Debug|Any CPU
		{9B529CC8-79B4-4069-A7E8-72D84FF1248E}.Debug|Any CPU.Build.0 = Debug|Any CPU
		{9B529CC8-79B4-4069-A7E8-72D84FF1248E}.Release|Any CPU.ActiveCfg = Release|Any CPU
		{9B529CC8-79B4-4069-A7E8-72D84FF1248E}.Release|Any CPU.Build.0 = Release|Any CPU
	EndGlobalSection
	GlobalSection(SolutionProperties) = preSolution
		HideSolutionNode = FALSE
	EndGlobalSection
	GlobalSection(ExtensibilityGlobals) = postSolution
		SolutionGuid = {D8527E85-9B3F-4987-BDDF-8027A03D4AF8}
	EndGlobalSection
EndGlobal
